[[package]]
category = "dev"
description = "Atomic file writes."
marker = "sys_platform == \"win32\""
name = "atomicwrites"
optional = false
python-versions = ">=2.7, !=3.0.*, !=3.1.*, !=3.2.*, !=3.3.*"
version = "1.4.0"

[[package]]
category = "dev"
description = "Classes Without Boilerplate"
name = "attrs"
optional = false
python-versions = ">=2.7, !=3.0.*, !=3.1.*, !=3.2.*, !=3.3.*"
version = "19.3.0"

[package.extras]
azure-pipelines = ["coverage", "hypothesis", "pympler", "pytest (>=4.3.0)", "six", "zope.interface", "pytest-azurepipelines"]
dev = ["coverage", "hypothesis", "pympler", "pytest (>=4.3.0)", "six", "zope.interface", "sphinx", "pre-commit"]
docs = ["sphinx", "zope.interface"]
tests = ["coverage", "hypothesis", "pympler", "pytest (>=4.3.0)", "six", "zope.interface"]

[[package]]
category = "main"
description = "Screen-scraping library"
name = "beautifulsoup4"
optional = false
python-versions = "*"
version = "4.9.1"

[package.dependencies]
soupsieve = [">1.2", "<2.0"]

[package.extras]
html5lib = ["html5lib"]
lxml = ["lxml"]

[[package]]
category = "main"
description = "Python package for providing Mozilla's CA Bundle."
name = "certifi"
optional = false
python-versions = "*"
version = "2020.6.20"

[[package]]
category = "main"
description = "Universal encoding detector for Python 2 and 3"
name = "chardet"
optional = false
python-versions = "*"
version = "3.0.4"

[[package]]
category = "dev"
description = "Cross-platform colored terminal text."
marker = "sys_platform == \"win32\""
name = "colorama"
optional = false
python-versions = ">=2.7, !=3.0.*, !=3.1.*, !=3.2.*, !=3.3.*, !=3.4.*"
version = "0.4.3"

[[package]]
category = "main"
description = "Extract embedded metadata from HTML markup"
name = "extruct"
optional = false
python-versions = "*"
version = "0.9.0"

[package.dependencies]
html-text = ">=0.5.1"
lxml = "*"
mf2py = "*"
rdflib = "<5.0.0"
rdflib-jsonld = "*"
six = "*"
w3lib = "*"

[package.extras]
cli = ["requests"]

[[package]]
category = "main"
description = "Extract text from HTML"
name = "html-text"
optional = false
python-versions = "*"
version = "0.5.2"

[package.dependencies]
lxml = "*"

[[package]]
category = "main"
description = "HTML parser based on the WHATWG HTML specification"
name = "html5lib"
optional = false
python-versions = ">=2.7, !=3.0.*, !=3.1.*, !=3.2.*, !=3.3.*, !=3.4.*"
version = "1.1"

[package.dependencies]
six = ">=1.9"
webencodings = "*"

[package.extras]
all = ["genshi", "chardet (>=2.2)", "lxml"]
chardet = ["chardet (>=2.2)"]
genshi = ["genshi"]
lxml = ["lxml"]

[[package]]
category = "main"
description = "Internationalized Domain Names in Applications (IDNA)"
name = "idna"
optional = false
python-versions = ">=2.7, !=3.0.*, !=3.1.*, !=3.2.*, !=3.3.*"
version = "2.10"

[[package]]
category = "dev"
description = "iniconfig: brain-dead simple config-ini parsing"
name = "iniconfig"
optional = false
python-versions = "*"
version = "1.0.1"

[[package]]
category = "main"
description = "An ISO 8601 date/time/duration parser and formatter"
name = "isodate"
optional = false
python-versions = "*"
version = "0.6.0"

[package.dependencies]
six = "*"

[[package]]
category = "main"
description = "Powerful and Pythonic XML processing library combining libxml2/libxslt with the ElementTree API."
name = "lxml"
optional = false
python-versions = ">=2.7, !=3.0.*, !=3.1.*, !=3.2.*, !=3.3.*, != 3.4.*"
version = "4.5.2"

[package.extras]
cssselect = ["cssselect (>=0.7)"]
html5 = ["html5lib"]
htmlsoup = ["beautifulsoup4"]
source = ["Cython (>=0.29.7)"]

[[package]]
category = "main"
description = "Python Microformats2 parser"
name = "mf2py"
optional = false
python-versions = "*"
version = "1.1.2"

[package.dependencies]
BeautifulSoup4 = ">=4.6.0"
html5lib = ">=1.0.1"
requests = ">=2.18.4"

[[package]]
category = "dev"
description = "More routines for operating on iterables, beyond itertools"
name = "more-itertools"
optional = false
python-versions = ">=3.5"
version = "8.4.0"

[[package]]
category = "dev"
description = "Core utilities for Python packages"
name = "packaging"
optional = false
python-versions = ">=2.7, !=3.0.*, !=3.1.*, !=3.2.*, !=3.3.*"
version = "20.4"

[package.dependencies]
pyparsing = ">=2.0.2"
six = "*"

[[package]]
category = "dev"
description = "plugin and hook calling mechanisms for python"
name = "pluggy"
optional = false
python-versions = ">=2.7, !=3.0.*, !=3.1.*, !=3.2.*, !=3.3.*"
version = "0.13.1"

[package.extras]
dev = ["pre-commit", "tox"]

[[package]]
category = "dev"
description = "library with cross-python path, ini-parsing, io, code, log facilities"
name = "py"
optional = false
python-versions = ">=2.7, !=3.0.*, !=3.1.*, !=3.2.*, !=3.3.*"
version = "1.9.0"

[[package]]
category = "main"
description = "Python parsing module"
name = "pyparsing"
optional = false
python-versions = ">=2.6, !=3.0.*, !=3.1.*, !=3.2.*"
version = "2.4.7"

[[package]]
category = "dev"
description = "pytest: simple powerful testing with Python"
name = "pytest"
optional = false
python-versions = ">=3.5"
version = "6.0.1"

[package.dependencies]
atomicwrites = ">=1.0"
attrs = ">=17.4.0"
colorama = "*"
iniconfig = "*"
more-itertools = ">=4.0.0"
packaging = "*"
pluggy = ">=0.12,<1.0"
py = ">=1.8.2"
toml = "*"

[package.extras]
checkqa_mypy = ["mypy (0.780)"]
testing = ["argcomplete", "hypothesis (>=3.56)", "mock", "nose", "requests", "xmlschema"]

[[package]]
category = "main"
description = "RDFLib is a Python library for working with RDF, a simple yet powerful language for representing information."
name = "rdflib"
optional = false
python-versions = "*"
version = "4.2.2"

[package.dependencies]
isodate = "*"
pyparsing = "*"

[package.extras]
html = ["html5lib"]
sparql = ["sparqlwrapper"]

[[package]]
category = "main"
description = "rdflib extension adding JSON-LD parser and serializer"
name = "rdflib-jsonld"
optional = false
python-versions = "*"
version = "0.5.0"

[package.dependencies]
rdflib = ">=4.2.2"

[[package]]
category = "main"
description = "Python HTTP for Humans."
name = "requests"
optional = false
python-versions = ">=2.7, !=3.0.*, !=3.1.*, !=3.2.*, !=3.3.*, !=3.4.*"
version = "2.24.0"

[package.dependencies]
certifi = ">=2017.4.17"
chardet = ">=3.0.2,<4"
idna = ">=2.5,<3"
urllib3 = ">=1.21.1,<1.25.0 || >1.25.0,<1.25.1 || >1.25.1,<1.26"

[package.extras]
security = ["pyOpenSSL (>=0.14)", "cryptography (>=1.3.4)"]
socks = ["PySocks (>=1.5.6,<1.5.7 || >1.5.7)", "win-inet-pton"]

[[package]]
category = "main"
description = "Python 2 and 3 compatibility utilities"
name = "six"
optional = false
python-versions = ">=2.7, !=3.0.*, !=3.1.*, !=3.2.*"
version = "1.15.0"

[[package]]
category = "main"
description = "A modern CSS selector implementation for Beautiful Soup."
name = "soupsieve"
optional = false
python-versions = "*"
version = "1.9.6"

[[package]]
category = "dev"
description = "Python Library for Tom's Obvious, Minimal Language"
name = "toml"
optional = false
python-versions = "*"
version = "0.10.1"

[[package]]
category = "main"
description = "HTTP library with thread-safe connection pooling, file post, and more."
name = "urllib3"
optional = false
python-versions = ">=2.7, !=3.0.*, !=3.1.*, !=3.2.*, !=3.3.*, !=3.4.*, <4"
version = "1.25.10"

[package.extras]
brotli = ["brotlipy (>=0.6.0)"]
secure = ["certifi", "cryptography (>=1.3.4)", "idna (>=2.0.0)", "pyOpenSSL (>=0.14)", "ipaddress"]
socks = ["PySocks (>=1.5.6,<1.5.7 || >1.5.7,<2.0)"]

[[package]]
category = "main"
description = "Library of web-related functions"
name = "w3lib"
optional = false
python-versions = "*"
version = "1.22.0"

[package.dependencies]
six = ">=1.4.1"

[[package]]
category = "main"
description = "Character encoding aliases for legacy web content"
name = "webencodings"
optional = false
python-versions = "*"
version = "0.5.1"

[metadata]
content-hash = "d59e950f18376ffde266a29d7c2e84548de8ab9ef512f5d0db9a491a36359031"
python-versions = "^3.8"

[metadata.files]
atomicwrites = [
    {file = "atomicwrites-1.4.0-py2.py3-none-any.whl", hash = "sha256:6d1784dea7c0c8d4a5172b6c620f40b6e4cbfdf96d783691f2e1302a7b88e197"},
    {file = "atomicwrites-1.4.0.tar.gz", hash = "sha256:ae70396ad1a434f9c7046fd2dd196fc04b12f9e91ffb859164193be8b6168a7a"},
]
attrs = [
    {file = "attrs-19.3.0-py2.py3-none-any.whl", hash = "sha256:08a96c641c3a74e44eb59afb61a24f2cb9f4d7188748e76ba4bb5edfa3cb7d1c"},
    {file = "attrs-19.3.0.tar.gz", hash = "sha256:f7b7ce16570fe9965acd6d30101a28f62fb4a7f9e926b3bbc9b61f8b04247e72"},
]
beautifulsoup4 = [
    {file = "beautifulsoup4-4.9.1-py2-none-any.whl", hash = "sha256:e718f2342e2e099b640a34ab782407b7b676f47ee272d6739e60b8ea23829f2c"},
    {file = "beautifulsoup4-4.9.1-py3-none-any.whl", hash = "sha256:a6237df3c32ccfaee4fd201c8f5f9d9df619b93121d01353a64a73ce8c6ef9a8"},
    {file = "beautifulsoup4-4.9.1.tar.gz", hash = "sha256:73cc4d115b96f79c7d77c1c7f7a0a8d4c57860d1041df407dd1aae7f07a77fd7"},
]
certifi = [
    {file = "certifi-2020.6.20-py2.py3-none-any.whl", hash = "sha256:8fc0819f1f30ba15bdb34cceffb9ef04d99f420f68eb75d901e9560b8749fc41"},
    {file = "certifi-2020.6.20.tar.gz", hash = "sha256:5930595817496dd21bb8dc35dad090f1c2cd0adfaf21204bf6732ca5d8ee34d3"},
]
chardet = [
    {file = "chardet-3.0.4-py2.py3-none-any.whl", hash = "sha256:fc323ffcaeaed0e0a02bf4d117757b98aed530d9ed4531e3e15460124c106691"},
    {file = "chardet-3.0.4.tar.gz", hash = "sha256:84ab92ed1c4d4f16916e05906b6b75a6c0fb5db821cc65e70cbd64a3e2a5eaae"},
]
colorama = [
    {file = "colorama-0.4.3-py2.py3-none-any.whl", hash = "sha256:7d73d2a99753107a36ac6b455ee49046802e59d9d076ef8e47b61499fa29afff"},
    {file = "colorama-0.4.3.tar.gz", hash = "sha256:e96da0d330793e2cb9485e9ddfd918d456036c7149416295932478192f4436a1"},
]
extruct = [
    {file = "extruct-0.9.0-py2.py3-none-any.whl", hash = "sha256:4df0ed2c58216f5b4ab1dd8bf727a808f5fa71040c0f58d39f7074230b1e1289"},
    {file = "extruct-0.9.0.tar.gz", hash = "sha256:38debff85f9387ea5c6e63c4c63b8cf2a0b7152878fdf67231cdbee3cb0b9f31"},
]
html-text = [
    {file = "html_text-0.5.2-py2.py3-none-any.whl", hash = "sha256:3f1e063f05eddf3e099a88f0440219c55fdc01c44f1291fe59c66e5228d7fc56"},
    {file = "html_text-0.5.2.tar.gz", hash = "sha256:afd61bbb70651d494a8c32670a29b9140492eccc9690109857beae41c3093ded"},
]
html5lib = [
    {file = "html5lib-1.1-py2.py3-none-any.whl", hash = "sha256:0d78f8fde1c230e99fe37986a60526d7049ed4bf8a9fadbad5f00e22e58e041d"},
    {file = "html5lib-1.1.tar.gz", hash = "sha256:b2e5b40261e20f354d198eae92afc10d750afb487ed5e50f9c4eaf07c184146f"},
]
idna = [
    {file = "idna-2.10-py2.py3-none-any.whl", hash = "sha256:b97d804b1e9b523befed77c48dacec60e6dcb0b5391d57af6a65a312a90648c0"},
    {file = "idna-2.10.tar.gz", hash = "sha256:b307872f855b18632ce0c21c5e45be78c0ea7ae4c15c828c20788b26921eb3f6"},
]
iniconfig = [
    {file = "iniconfig-1.0.1-py3-none-any.whl", hash = "sha256:80cf40c597eb564e86346103f609d74efce0f6b4d4f30ec8ce9e2c26411ba437"},
    {file = "iniconfig-1.0.1.tar.gz", hash = "sha256:e5f92f89355a67de0595932a6c6c02ab4afddc6fcdc0bfc5becd0d60884d3f69"},
]
isodate = [
    {file = "isodate-0.6.0-py2.py3-none-any.whl", hash = "sha256:aa4d33c06640f5352aca96e4b81afd8ab3b47337cc12089822d6f322ac772c81"},
    {file = "isodate-0.6.0.tar.gz", hash = "sha256:2e364a3d5759479cdb2d37cce6b9376ea504db2ff90252a2e5b7cc89cc9ff2d8"},
]
lxml = [
    {file = "lxml-4.5.2-cp27-cp27m-macosx_10_9_x86_64.whl", hash = "sha256:74f48ec98430e06c1fa8949b49ebdd8d27ceb9df8d3d1c92e1fdc2773f003f20"},
    {file = "lxml-4.5.2-cp27-cp27m-manylinux1_i686.whl", hash = "sha256:e70d4e467e243455492f5de463b72151cc400710ac03a0678206a5f27e79ddef"},
    {file = "lxml-4.5.2-cp27-cp27m-manylinux1_x86_64.whl", hash = "sha256:7ad7906e098ccd30d8f7068030a0b16668ab8aa5cda6fcd5146d8d20cbaa71b5"},
    {file = "lxml-4.5.2-cp27-cp27m-win32.whl", hash = "sha256:92282c83547a9add85ad658143c76a64a8d339028926d7dc1998ca029c88ea6a"},
    {file = "lxml-4.5.2-cp27-cp27m-win_amd64.whl", hash = "sha256:05a444b207901a68a6526948c7cc8f9fe6d6f24c70781488e32fd74ff5996e3f"},
    {file = "lxml-4.5.2-cp27-cp27mu-manylinux1_i686.whl", hash = "sha256:94150231f1e90c9595ccc80d7d2006c61f90a5995db82bccbca7944fd457f0f6"},
    {file = "lxml-4.5.2-cp27-cp27mu-manylinux1_x86_64.whl", hash = "sha256:bea760a63ce9bba566c23f726d72b3c0250e2fa2569909e2d83cda1534c79443"},
    {file = "lxml-4.5.2-cp35-cp35m-manylinux1_i686.whl", hash = "sha256:c3f511a3c58676147c277eff0224c061dd5a6a8e1373572ac817ac6324f1b1e0"},
    {file = "lxml-4.5.2-cp35-cp35m-manylinux1_x86_64.whl", hash = "sha256:59daa84aef650b11bccd18f99f64bfe44b9f14a08a28259959d33676554065a1"},
    {file = "lxml-4.5.2-cp35-cp35m-manylinux2014_aarch64.whl", hash = "sha256:c9d317efde4bafbc1561509bfa8a23c5cab66c44d49ab5b63ff690f5159b2304"},
    {file = "lxml-4.5.2-cp35-cp35m-win32.whl", hash = "sha256:9dc9006dcc47e00a8a6a029eb035c8f696ad38e40a27d073a003d7d1443f5d88"},
    {file = "lxml-4.5.2-cp35-cp35m-win_amd64.whl", hash = "sha256:08fc93257dcfe9542c0a6883a25ba4971d78297f63d7a5a26ffa34861ca78730"},
    {file = "lxml-4.5.2-cp36-cp36m-macosx_10_9_x86_64.whl", hash = "sha256:121b665b04083a1e85ff1f5243d4a93aa1aaba281bc12ea334d5a187278ceaf1"},
    {file = "lxml-4.5.2-cp36-cp36m-manylinux1_i686.whl", hash = "sha256:5591c4164755778e29e69b86e425880f852464a21c7bb53c7ea453bbe2633bbe"},
    {file = "lxml-4.5.2-cp36-cp36m-manylinux1_x86_64.whl", hash = "sha256:cc411ad324a4486b142c41d9b2b6a722c534096963688d879ea6fa8a35028258"},
    {file = "lxml-4.5.2-cp36-cp36m-manylinux2014_aarch64.whl", hash = "sha256:1fa21263c3aba2b76fd7c45713d4428dbcc7644d73dcf0650e9d344e433741b3"},
    {file = "lxml-4.5.2-cp36-cp36m-win32.whl", hash = "sha256:786aad2aa20de3dbff21aab86b2fb6a7be68064cbbc0219bde414d3a30aa47ae"},
    {file = "lxml-4.5.2-cp36-cp36m-win_amd64.whl", hash = "sha256:e1cacf4796b20865789083252186ce9dc6cc59eca0c2e79cca332bdff24ac481"},
    {file = "lxml-4.5.2-cp37-cp37m-macosx_10_9_x86_64.whl", hash = "sha256:80a38b188d20c0524fe8959c8ce770a8fdf0e617c6912d23fc97c68301bb9aba"},
    {file = "lxml-4.5.2-cp37-cp37m-manylinux1_i686.whl", hash = "sha256:ecc930ae559ea8a43377e8b60ca6f8d61ac532fc57efb915d899de4a67928efd"},
    {file = "lxml-4.5.2-cp37-cp37m-manylinux1_x86_64.whl", hash = "sha256:a76979f728dd845655026ab991df25d26379a1a8fc1e9e68e25c7eda43004bed"},
    {file = "lxml-4.5.2-cp37-cp37m-manylinux2014_aarch64.whl", hash = "sha256:cfd7c5dd3c35c19cec59c63df9571c67c6d6e5c92e0fe63517920e97f61106d1"},
    {file = "lxml-4.5.2-cp37-cp37m-win32.whl", hash = "sha256:5a9c8d11aa2c8f8b6043d845927a51eb9102eb558e3f936df494e96393f5fd3e"},
    {file = "lxml-4.5.2-cp37-cp37m-win_amd64.whl", hash = "sha256:4b4a111bcf4b9c948e020fd207f915c24a6de3f1adc7682a2d92660eb4e84f1a"},
    {file = "lxml-4.5.2-cp38-cp38-macosx_10_9_x86_64.whl", hash = "sha256:5dd20538a60c4cc9a077d3b715bb42307239fcd25ef1ca7286775f95e9e9a46d"},
    {file = "lxml-4.5.2-cp38-cp38-manylinux1_i686.whl", hash = "sha256:2b30aa2bcff8e958cd85d907d5109820b01ac511eae5b460803430a7404e34d7"},
    {file = "lxml-4.5.2-cp38-cp38-manylinux1_x86_64.whl", hash = "sha256:aa8eba3db3d8761db161003e2d0586608092e217151d7458206e243be5a43843"},
    {file = "lxml-4.5.2-cp38-cp38-manylinux2014_aarch64.whl", hash = "sha256:8f0ec6b9b3832e0bd1d57af41f9238ea7709bbd7271f639024f2fc9d3bb01293"},
    {file = "lxml-4.5.2-cp38-cp38-win32.whl", hash = "sha256:107781b213cf7201ec3806555657ccda67b1fccc4261fb889ef7fc56976db81f"},
    {file = "lxml-4.5.2-cp38-cp38-win_amd64.whl", hash = "sha256:f161af26f596131b63b236372e4ce40f3167c1b5b5d459b29d2514bd8c9dc9ee"},
    {file = "lxml-4.5.2.tar.gz", hash = "sha256:cdc13a1682b2a6241080745b1953719e7fe0850b40a5c71ca574f090a1391df6"},
]
mf2py = [
    {file = "mf2py-1.1.2.tar.gz", hash = "sha256:84f1f8f2ff3f1deb1c30be497e7ccd805452996a662fd4a77f09e0105bede2c9"},
]
more-itertools = [
    {file = "more-itertools-8.4.0.tar.gz", hash = "sha256:68c70cc7167bdf5c7c9d8f6954a7837089c6a36bf565383919bb595efb8a17e5"},
    {file = "more_itertools-8.4.0-py3-none-any.whl", hash = "sha256:b78134b2063dd214000685165d81c154522c3ee0a1c0d4d113c80361c234c5a2"},
]
packaging = [
    {file = "packaging-20.4-py2.py3-none-any.whl", hash = "sha256:998416ba6962ae7fbd6596850b80e17859a5753ba17c32284f67bfff33784181"},
    {file = "packaging-20.4.tar.gz", hash = "sha256:4357f74f47b9c12db93624a82154e9b120fa8293699949152b22065d556079f8"},
]
pluggy = [
    {file = "pluggy-0.13.1-py2.py3-none-any.whl", hash = "sha256:966c145cd83c96502c3c3868f50408687b38434af77734af1e9ca461a4081d2d"},
    {file = "pluggy-0.13.1.tar.gz", hash = "sha256:15b2acde666561e1298d71b523007ed7364de07029219b604cf808bfa1c765b0"},
]
py = [
    {file = "py-1.9.0-py2.py3-none-any.whl", hash = "sha256:366389d1db726cd2fcfc79732e75410e5fe4d31db13692115529d34069a043c2"},
    {file = "py-1.9.0.tar.gz", hash = "sha256:9ca6883ce56b4e8da7e79ac18787889fa5206c79dcc67fb065376cd2fe03f342"},
]
pyparsing = [
    {file = "pyparsing-2.4.7-py2.py3-none-any.whl", hash = "sha256:ef9d7589ef3c200abe66653d3f1ab1033c3c419ae9b9bdb1240a85b024efc88b"},
    {file = "pyparsing-2.4.7.tar.gz", hash = "sha256:c203ec8783bf771a155b207279b9bccb8dea02d8f0c9e5f8ead507bc3246ecc1"},
]
pytest = [
    {file = "pytest-6.0.1-py3-none-any.whl", hash = "sha256:8b6007800c53fdacd5a5c192203f4e531eb2a1540ad9c752e052ec0f7143dbad"},
    {file = "pytest-6.0.1.tar.gz", hash = "sha256:85228d75db9f45e06e57ef9bf4429267f81ac7c0d742cc9ed63d09886a9fe6f4"},
]
rdflib = [
    {file = "rdflib-4.2.2-py3-none-any.whl", hash = "sha256:58d5994610105a457cff7fdfe3d683d87786c5028a45ae032982498a7e913d6f"},
    {file = "rdflib-4.2.2.tar.gz", hash = "sha256:da1df14552555c5c7715d8ce71c08f404c988c58a1ecd38552d0da4fc261280d"},
]
rdflib-jsonld = [
    {file = "rdflib-jsonld-0.5.0.tar.gz", hash = "sha256:4f7d55326405071c7bce9acf5484643bcb984eadb84a6503053367da207105ed"},
]
requests = [
    {file = "requests-2.24.0-py2.py3-none-any.whl", hash = "sha256:fe75cc94a9443b9246fc7049224f75604b113c36acb93f87b80ed42c44cbb898"},
    {file = "requests-2.24.0.tar.gz", hash = "sha256:b3559a131db72c33ee969480840fff4bb6dd111de7dd27c8ee1f820f4f00231b"},
]
six = [
    {file = "six-1.15.0-py2.py3-none-any.whl", hash = "sha256:8b74bedcbbbaca38ff6d7491d76f2b06b3592611af620f8426e82dddb04a5ced"},
    {file = "six-1.15.0.tar.gz", hash = "sha256:30639c035cdb23534cd4aa2dd52c3bf48f06e5f4a941509c8bafd8ce11080259"},
]
soupsieve = [
    {file = "soupsieve-1.9.6-py2.py3-none-any.whl", hash = "sha256:feb1e937fa26a69e08436aad4a9037cd7e1d4c7212909502ba30701247ff8abd"},
    {file = "soupsieve-1.9.6.tar.gz", hash = "sha256:7985bacc98c34923a439967c1a602dc4f1e15f923b6fcf02344184f86cc7efaa"},
]
toml = [
    {file = "toml-0.10.1-py2.py3-none-any.whl", hash = "sha256:bda89d5935c2eac546d648028b9901107a595863cb36bae0c73ac804a9b4ce88"},
    {file = "toml-0.10.1.tar.gz", hash = "sha256:926b612be1e5ce0634a2ca03470f95169cf16f939018233a670519cb4ac58b0f"},
]
urllib3 = [
    {file = "urllib3-1.25.10-py2.py3-none-any.whl", hash = "sha256:e7983572181f5e1522d9c98453462384ee92a0be7fac5f1413a1e35c56cc0461"},
    {file = "urllib3-1.25.10.tar.gz", hash = "sha256:91056c15fa70756691db97756772bb1eb9678fa585d9184f24534b100dc60f4a"},
]
w3lib = [
    {file = "w3lib-1.22.0-py2.py3-none-any.whl", hash = "sha256:0161d55537063e00d95a241663ede3395c4c6d7b777972ba2fd58bbab2001e53"},
    {file = "w3lib-1.22.0.tar.gz", hash = "sha256:0ad6d0203157d61149fd45aaed2e24f53902989c32fc1dccc2e2bfba371560df"},
]
webencodings = [
    {file = "webencodings-0.5.1-py2.py3-none-any.whl", hash = "sha256:a0af1213f3c2226497a97e2b3aa01a7e4bee4f403f95be16fc9acd2947514a78"},
    {file = "webencodings-0.5.1.tar.gz", hash = "sha256:b36a1c245f2d304965eb4e0a82848379241dc04b865afcc4aab16748587e1923"},
]
